
Microsoft Visual Studio Solution File, Format Version 12.00
# Visual Studio Version 17
VisualStudioVersion = 17.0.31903.59
MinimumVisualStudioVersion = 10.0.40219.1
Project("{FAE04EC0-301F-11D3-BF4B-00C04F79EFBC}") = "FileUploadAPI", "FileUploadAPI\FileUploadAPI.csproj", "{75401FAB-7E0D-4152-82A2-16FE752A048F}"
EndProject
Project("{FAE04EC0-301F-11D3-BF4B-00C04F79EFBC}") = "FileUploadMVC", "FileUploadMVC\FileUploadMVC.csproj", "{7A035922-6D72-40A4-8A5E-FD8DEA547E9F}"
EndProject
Global
	GlobalSection(SolutionConfigurationPlatforms) = preSolution
		Debug|Any CPU = Debug|Any CPU
		Release|Any CPU = Release|Any CPU
	EndGlobalSection
	GlobalSection(ProjectConfigurationPlatforms) = postSolution
		{75401FAB-7E0D-4152-82A2-16FE752A048F}.Debug|Any CPU.ActiveCfg = Debug|Any CPU
		{75401FAB-7E0D-4152-82A2-16FE752A048F}.Debug|Any CPU.Build.0 = Debug|Any CPU
		{75401FAB-7E0D-4152-82A2-16FE752A048F}.Release|Any CPU.ActiveCfg = Release|Any CPU
		{75401FAB-7E0D-4152-82A2-16FE752A048F}.Release|Any CPU.Build.0 = Release|Any CPU
		{7A035922-6D72-40A4-8A5E-FD8DEA547E9F}.Debug|Any CPU.ActiveCfg = Debug|Any CPU
		{7A035922-6D72-40A4-8A5E-FD8DEA547E9F}.Debug|Any CPU.Build.0 = Debug|Any CPU
		{7A035922-6D72-40A4-8A5E-FD8DEA547E9F}.Release|Any CPU.ActiveCfg = Release|Any CPU
		{7A035922-6D72-40A4-8A5E-FD8DEA547E9F}.Release|Any CPU.Build.0 = Release|Any CPU
	EndGlobalSection
	GlobalSection(SolutionProperties) = preSolution
		HideSolutionNode = FALSE
	EndGlobalSection
	GlobalSection(ExtensibilityGlobals) = postSolution
		SolutionGuid = {F317CFD4-05C2-493F-B88C-89C621B91069}
	EndGlobalSection
EndGlobal
